// !$*UTF8*$!
{
	archiveVersion = 1;
	classes = {
	};
	objectVersion = 56;
	objects = {

/* Begin PBXBuildFile section */
		3780822E29CD2A6A00D88ED7 /* AlamofireAdapter.swift in Sources */ = {isa = PBXBuildFile; fileRef = 3780822D29CD2A6A00D88ED7 /* AlamofireAdapter.swift */; };
		3780823229CD2BC000D88ED7 /* UrlProtocolStub.swift in Sources */ = {isa = PBXBuildFile; fileRef = 3780823129CD2BC000D88ED7 /* UrlProtocolStub.swift */; };
		37EE851629CCA4D70003DD4A /* Infra.framework in Frameworks */ = {isa = PBXBuildFile; fileRef = 37EE850E29CCA4D60003DD4A /* Infra.framework */; };
		37EE851B29CCA4D70003DD4A /* AlamofireAdapterTests.swift in Sources */ = {isa = PBXBuildFile; fileRef = 37EE851A29CCA4D70003DD4A /* AlamofireAdapterTests.swift */; };
		37EE852329CCA69A0003DD4A /* Data.framework in Frameworks */ = {isa = PBXBuildFile; fileRef = 37F70B6929CBAC9A0066BDD7 /* Data.framework */; };
		37EE852429CCA69A0003DD4A /* Data.framework in Embed Frameworks */ = {isa = PBXBuildFile; fileRef = 37F70B6929CBAC9A0066BDD7 /* Data.framework */; settings = {ATTRIBUTES = (CodeSignOnCopy, RemoveHeadersOnCopy, ); }; };
		37EE852829CCA6D80003DD4A /* TestExtensions.swift in Sources */ = {isa = PBXBuildFile; fileRef = 37F70B9A29CBEA510066BDD7 /* TestExtensions.swift */; };
		37EE852929CCA6EC0003DD4A /* TestFactories.swift in Sources */ = {isa = PBXBuildFile; fileRef = 37F70B9C29CBEAD70066BDD7 /* TestFactories.swift */; };
		37EE852C29CCA9DA0003DD4A /* Alamofire in Frameworks */ = {isa = PBXBuildFile; productRef = 37EE852B29CCA9DA0003DD4A /* Alamofire */; };
		37F70B6129CBAA290066BDD7 /* AddAccount.swift in Sources */ = {isa = PBXBuildFile; fileRef = 37F70B6029CBAA290066BDD7 /* AddAccount.swift */; };
		37F70B6329CBABFE0066BDD7 /* AccountModel.swift in Sources */ = {isa = PBXBuildFile; fileRef = 37F70B6229CBABFE0066BDD7 /* AccountModel.swift */; };
		37F70B6D29CBAC9A0066BDD7 /* Data.docc in Sources */ = {isa = PBXBuildFile; fileRef = 37F70B6C29CBAC9A0066BDD7 /* Data.docc */; };
		37F70B7329CBAC9A0066BDD7 /* Data.framework in Frameworks */ = {isa = PBXBuildFile; fileRef = 37F70B6929CBAC9A0066BDD7 /* Data.framework */; };
		37F70B7829CBAC9A0066BDD7 /* RemoteAddAccountTests.swift in Sources */ = {isa = PBXBuildFile; fileRef = 37F70B7729CBAC9A0066BDD7 /* RemoteAddAccountTests.swift */; };
		37F70B8129CBAD1A0066BDD7 /* Domain.framework in Frameworks */ = {isa = PBXBuildFile; fileRef = 37F70B5929CBA9690066BDD7 /* Domain.framework */; };
		37F70B8229CBAD1A0066BDD7 /* Domain.framework in Embed Frameworks */ = {isa = PBXBuildFile; fileRef = 37F70B5929CBA9690066BDD7 /* Domain.framework */; settings = {ATTRIBUTES = (CodeSignOnCopy, RemoveHeadersOnCopy, ); }; };
		37F70B8729CBC53D0066BDD7 /* Model.swift in Sources */ = {isa = PBXBuildFile; fileRef = 37F70B8629CBC53D0066BDD7 /* Model.swift */; };
		37F70B8929CBC6190066BDD7 /* RemoteAddAccount.swift in Sources */ = {isa = PBXBuildFile; fileRef = 37F70B8829CBC6190066BDD7 /* RemoteAddAccount.swift */; };
		37F70B8B29CBC6870066BDD7 /* HttpPostClient.swift in Sources */ = {isa = PBXBuildFile; fileRef = 37F70B8A29CBC6870066BDD7 /* HttpPostClient.swift */; };
		37F70B9329CBCACD0066BDD7 /* DomainError.swift in Sources */ = {isa = PBXBuildFile; fileRef = 37F70B9229CBCACD0066BDD7 /* DomainError.swift */; };
		37F70B9529CBCDC10066BDD7 /* HttpError.swift in Sources */ = {isa = PBXBuildFile; fileRef = 37F70B9429CBCDC10066BDD7 /* HttpError.swift */; };
		37F70B9829CBDA590066BDD7 /* ExtensionHelpers.swift in Sources */ = {isa = PBXBuildFile; fileRef = 37F70B9729CBDA590066BDD7 /* ExtensionHelpers.swift */; };
		37F70B9B29CBEA510066BDD7 /* TestExtensions.swift in Sources */ = {isa = PBXBuildFile; fileRef = 37F70B9A29CBEA510066BDD7 /* TestExtensions.swift */; };
		37F70B9D29CBEAD70066BDD7 /* TestFactories.swift in Sources */ = {isa = PBXBuildFile; fileRef = 37F70B9C29CBEAD70066BDD7 /* TestFactories.swift */; };
		37F70BA029CBEFFE0066BDD7 /* HttpClientSpy.swift in Sources */ = {isa = PBXBuildFile; fileRef = 37F70B9F29CBEFFE0066BDD7 /* HttpClientSpy.swift */; };
		37F70BA229CBF09C0066BDD7 /* AccountModelFactory.swift in Sources */ = {isa = PBXBuildFile; fileRef = 37F70BA129CBF09C0066BDD7 /* AccountModelFactory.swift */; };
/* End PBXBuildFile section */

/* Begin PBXContainerItemProxy section */
		37EE851729CCA4D70003DD4A /* PBXContainerItemProxy */ = {
			isa = PBXContainerItemProxy;
			containerPortal = 37F70B4129CBA84D0066BDD7 /* Project object */;
			proxyType = 1;
			remoteGlobalIDString = 37EE850D29CCA4D60003DD4A;
			remoteInfo = Infra;
		};
		37EE852529CCA69A0003DD4A /* PBXContainerItemProxy */ = {
			isa = PBXContainerItemProxy;
			containerPortal = 37F70B4129CBA84D0066BDD7 /* Project object */;
			proxyType = 1;
			remoteGlobalIDString = 37F70B6829CBAC9A0066BDD7;
			remoteInfo = Data;
		};
		37F70B7429CBAC9A0066BDD7 /* PBXContainerItemProxy */ = {
			isa = PBXContainerItemProxy;
			containerPortal = 37F70B4129CBA84D0066BDD7 /* Project object */;
			proxyType = 1;
			remoteGlobalIDString = 37F70B6829CBAC9A0066BDD7;
			remoteInfo = Data;
		};
		37F70B8329CBAD1A0066BDD7 /* PBXContainerItemProxy */ = {
			isa = PBXContainerItemProxy;
			containerPortal = 37F70B4129CBA84D0066BDD7 /* Project object */;
			proxyType = 1;
			remoteGlobalIDString = 37F70B5829CBA9690066BDD7;
			remoteInfo = Domain;
		};
/* End PBXContainerItemProxy section */

/* Begin PBXCopyFilesBuildPhase section */
		37EE852729CCA69A0003DD4A /* Embed Frameworks */ = {
			isa = PBXCopyFilesBuildPhase;
			buildActionMask = 2147483647;
			dstPath = "";
			dstSubfolderSpec = 10;
			files = (
				37EE852429CCA69A0003DD4A /* Data.framework in Embed Frameworks */,
			);
			name = "Embed Frameworks";
			runOnlyForDeploymentPostprocessing = 0;
		};
		37F70B8529CBAD1A0066BDD7 /* Embed Frameworks */ = {
			isa = PBXCopyFilesBuildPhase;
			buildActionMask = 2147483647;
			dstPath = "";
			dstSubfolderSpec = 10;
			files = (
				37F70B8229CBAD1A0066BDD7 /* Domain.framework in Embed Frameworks */,
			);
			name = "Embed Frameworks";
			runOnlyForDeploymentPostprocessing = 0;
		};
/* End PBXCopyFilesBuildPhase section */

/* Begin PBXFileReference section */
		3780822D29CD2A6A00D88ED7 /* AlamofireAdapter.swift */ = {isa = PBXFileReference; lastKnownFileType = sourcecode.swift; path = AlamofireAdapter.swift; sourceTree = "<group>"; };
		3780823129CD2BC000D88ED7 /* UrlProtocolStub.swift */ = {isa = PBXFileReference; lastKnownFileType = sourcecode.swift; path = UrlProtocolStub.swift; sourceTree = "<group>"; };
		37EE850E29CCA4D60003DD4A /* Infra.framework */ = {isa = PBXFileReference; explicitFileType = wrapper.framework; includeInIndex = 0; path = Infra.framework; sourceTree = BUILT_PRODUCTS_DIR; };
		37EE851529CCA4D70003DD4A /* InfraTests.xctest */ = {isa = PBXFileReference; explicitFileType = wrapper.cfbundle; includeInIndex = 0; path = InfraTests.xctest; sourceTree = BUILT_PRODUCTS_DIR; };
		37EE851A29CCA4D70003DD4A /* AlamofireAdapterTests.swift */ = {isa = PBXFileReference; lastKnownFileType = sourcecode.swift; path = AlamofireAdapterTests.swift; sourceTree = "<group>"; };
		37F70B5929CBA9690066BDD7 /* Domain.framework */ = {isa = PBXFileReference; explicitFileType = wrapper.framework; includeInIndex = 0; path = Domain.framework; sourceTree = BUILT_PRODUCTS_DIR; };
		37F70B6029CBAA290066BDD7 /* AddAccount.swift */ = {isa = PBXFileReference; lastKnownFileType = sourcecode.swift; path = AddAccount.swift; sourceTree = "<group>"; };
		37F70B6229CBABFE0066BDD7 /* AccountModel.swift */ = {isa = PBXFileReference; lastKnownFileType = sourcecode.swift; path = AccountModel.swift; sourceTree = "<group>"; };
		37F70B6929CBAC9A0066BDD7 /* Data.framework */ = {isa = PBXFileReference; explicitFileType = wrapper.framework; includeInIndex = 0; path = Data.framework; sourceTree = BUILT_PRODUCTS_DIR; };
		37F70B6C29CBAC9A0066BDD7 /* Data.docc */ = {isa = PBXFileReference; lastKnownFileType = folder.documentationcatalog; path = Data.docc; sourceTree = "<group>"; };
		37F70B7229CBAC9A0066BDD7 /* DataTests.xctest */ = {isa = PBXFileReference; explicitFileType = wrapper.cfbundle; includeInIndex = 0; path = DataTests.xctest; sourceTree = BUILT_PRODUCTS_DIR; };
		37F70B7729CBAC9A0066BDD7 /* RemoteAddAccountTests.swift */ = {isa = PBXFileReference; lastKnownFileType = sourcecode.swift; path = RemoteAddAccountTests.swift; sourceTree = "<group>"; };
		37F70B8629CBC53D0066BDD7 /* Model.swift */ = {isa = PBXFileReference; lastKnownFileType = sourcecode.swift; path = Model.swift; sourceTree = "<group>"; };
		37F70B8829CBC6190066BDD7 /* RemoteAddAccount.swift */ = {isa = PBXFileReference; lastKnownFileType = sourcecode.swift; path = RemoteAddAccount.swift; sourceTree = "<group>"; };
		37F70B8A29CBC6870066BDD7 /* HttpPostClient.swift */ = {isa = PBXFileReference; lastKnownFileType = sourcecode.swift; path = HttpPostClient.swift; sourceTree = "<group>"; };
		37F70B9229CBCACD0066BDD7 /* DomainError.swift */ = {isa = PBXFileReference; lastKnownFileType = sourcecode.swift; path = DomainError.swift; sourceTree = "<group>"; };
		37F70B9429CBCDC10066BDD7 /* HttpError.swift */ = {isa = PBXFileReference; lastKnownFileType = sourcecode.swift; path = HttpError.swift; sourceTree = "<group>"; };
		37F70B9729CBDA590066BDD7 /* ExtensionHelpers.swift */ = {isa = PBXFileReference; lastKnownFileType = sourcecode.swift; path = ExtensionHelpers.swift; sourceTree = "<group>"; };
		37F70B9A29CBEA510066BDD7 /* TestExtensions.swift */ = {isa = PBXFileReference; lastKnownFileType = sourcecode.swift; path = TestExtensions.swift; sourceTree = "<group>"; };
		37F70B9C29CBEAD70066BDD7 /* TestFactories.swift */ = {isa = PBXFileReference; lastKnownFileType = sourcecode.swift; path = TestFactories.swift; sourceTree = "<group>"; };
		37F70B9F29CBEFFE0066BDD7 /* HttpClientSpy.swift */ = {isa = PBXFileReference; lastKnownFileType = sourcecode.swift; path = HttpClientSpy.swift; sourceTree = "<group>"; };
		37F70BA129CBF09C0066BDD7 /* AccountModelFactory.swift */ = {isa = PBXFileReference; lastKnownFileType = sourcecode.swift; path = AccountModelFactory.swift; sourceTree = "<group>"; };
/* End PBXFileReference section */

/* Begin PBXFrameworksBuildPhase section */
		37EE850B29CCA4D60003DD4A /* Frameworks */ = {
			isa = PBXFrameworksBuildPhase;
			buildActionMask = 2147483647;
			files = (
				37EE852329CCA69A0003DD4A /* Data.framework in Frameworks */,
				37EE852C29CCA9DA0003DD4A /* Alamofire in Frameworks */,
			);
			runOnlyForDeploymentPostprocessing = 0;
		};
		37EE851229CCA4D70003DD4A /* Frameworks */ = {
			isa = PBXFrameworksBuildPhase;
			buildActionMask = 2147483647;
			files = (
				37EE851629CCA4D70003DD4A /* Infra.framework in Frameworks */,
			);
			runOnlyForDeploymentPostprocessing = 0;
		};
		37F70B5629CBA9690066BDD7 /* Frameworks */ = {
			isa = PBXFrameworksBuildPhase;
			buildActionMask = 2147483647;
			files = (
			);
			runOnlyForDeploymentPostprocessing = 0;
		};
		37F70B6629CBAC9A0066BDD7 /* Frameworks */ = {
			isa = PBXFrameworksBuildPhase;
			buildActionMask = 2147483647;
			files = (
				37F70B8129CBAD1A0066BDD7 /* Domain.framework in Frameworks */,
			);
			runOnlyForDeploymentPostprocessing = 0;
		};
		37F70B6F29CBAC9A0066BDD7 /* Frameworks */ = {
			isa = PBXFrameworksBuildPhase;
			buildActionMask = 2147483647;
			files = (
				37F70B7329CBAC9A0066BDD7 /* Data.framework in Frameworks */,
			);
			runOnlyForDeploymentPostprocessing = 0;
		};
/* End PBXFrameworksBuildPhase section */

/* Begin PBXGroup section */
		3780822F29CD2B3D00D88ED7 /* Http */ = {
			isa = PBXGroup;
			children = (
				3780822D29CD2A6A00D88ED7 /* AlamofireAdapter.swift */,
			);
			path = Http;
			sourceTree = "<group>";
		};
		3780823029CD2BAC00D88ED7 /* Http */ = {
			isa = PBXGroup;
			children = (
				37EE851A29CCA4D70003DD4A /* AlamofireAdapterTests.swift */,
				3780823129CD2BC000D88ED7 /* UrlProtocolStub.swift */,
			);
			path = Http;
			sourceTree = "<group>";
		};
		37EE850F29CCA4D60003DD4A /* Infra */ = {
			isa = PBXGroup;
			children = (
				3780822F29CD2B3D00D88ED7 /* Http */,
			);
			path = Infra;
			sourceTree = "<group>";
		};
		37EE851929CCA4D70003DD4A /* InfraTests */ = {
			isa = PBXGroup;
			children = (
				3780823029CD2BAC00D88ED7 /* Http */,
			);
			path = InfraTests;
			sourceTree = "<group>";
		};
		37F70B4029CBA84D0066BDD7 = {
			isa = PBXGroup;
			children = (
				37F70B5A29CBA9690066BDD7 /* Domain */,
				37F70B6A29CBAC9A0066BDD7 /* Data */,
				37F70B7629CBAC9A0066BDD7 /* DataTests */,
				37EE850F29CCA4D60003DD4A /* Infra */,
				37EE851929CCA4D70003DD4A /* InfraTests */,
				37F70B4B29CBA84D0066BDD7 /* Products */,
				37F70B8029CBAD1A0066BDD7 /* Frameworks */,
			);
			sourceTree = "<group>";
		};
		37F70B4B29CBA84D0066BDD7 /* Products */ = {
			isa = PBXGroup;
			children = (
				37F70B5929CBA9690066BDD7 /* Domain.framework */,
				37F70B6929CBAC9A0066BDD7 /* Data.framework */,
				37F70B7229CBAC9A0066BDD7 /* DataTests.xctest */,
				37EE850E29CCA4D60003DD4A /* Infra.framework */,
				37EE851529CCA4D70003DD4A /* InfraTests.xctest */,
			);
			name = Products;
			sourceTree = "<group>";
		};
		37F70B5A29CBA9690066BDD7 /* Domain */ = {
			isa = PBXGroup;
			children = (
				37F70B9129CBCAB90066BDD7 /* Errors */,
				37F70B8C29CBC7180066BDD7 /* UseCases */,
				37F70B8D29CBC73D0066BDD7 /* Models */,
			);
			path = Domain;
			sourceTree = "<group>";
		};
		37F70B6A29CBAC9A0066BDD7 /* Data */ = {
			isa = PBXGroup;
			children = (
				37F70B9629CBDA330066BDD7 /* Helpers */,
				37F70B6C29CBAC9A0066BDD7 /* Data.docc */,
				37F70B8E29CBC75E0066BDD7 /* UseCases */,
				37F70B8F29CBC77A0066BDD7 /* Http */,
			);
			path = Data;
			sourceTree = "<group>";
		};
		37F70B7629CBAC9A0066BDD7 /* DataTests */ = {
			isa = PBXGroup;
			children = (
				37F70B9E29CBEFC70066BDD7 /* Http */,
				37F70B9929CBE9D30066BDD7 /* Helpers */,
				37F70B9029CBC7A10066BDD7 /* UseCases */,
			);
			path = DataTests;
			sourceTree = "<group>";
		};
		37F70B8029CBAD1A0066BDD7 /* Frameworks */ = {
			isa = PBXGroup;
			children = (
			);
			name = Frameworks;
			sourceTree = "<group>";
		};
		37F70B8C29CBC7180066BDD7 /* UseCases */ = {
			isa = PBXGroup;
			children = (
				37F70B6029CBAA290066BDD7 /* AddAccount.swift */,
			);
			path = UseCases;
			sourceTree = "<group>";
		};
		37F70B8D29CBC73D0066BDD7 /* Models */ = {
			isa = PBXGroup;
			children = (
				37F70B6229CBABFE0066BDD7 /* AccountModel.swift */,
				37F70B8629CBC53D0066BDD7 /* Model.swift */,
			);
			path = Models;
			sourceTree = "<group>";
		};
		37F70B8E29CBC75E0066BDD7 /* UseCases */ = {
			isa = PBXGroup;
			children = (
				37F70B8829CBC6190066BDD7 /* RemoteAddAccount.swift */,
			);
			path = UseCases;
			sourceTree = "<group>";
		};
		37F70B8F29CBC77A0066BDD7 /* Http */ = {
			isa = PBXGroup;
			children = (
				37F70B8A29CBC6870066BDD7 /* HttpPostClient.swift */,
				37F70B9429CBCDC10066BDD7 /* HttpError.swift */,
			);
			path = Http;
			sourceTree = "<group>";
		};
		37F70B9029CBC7A10066BDD7 /* UseCases */ = {
			isa = PBXGroup;
			children = (
				37F70B7729CBAC9A0066BDD7 /* RemoteAddAccountTests.swift */,
			);
			path = UseCases;
			sourceTree = "<group>";
		};
		37F70B9129CBCAB90066BDD7 /* Errors */ = {
			isa = PBXGroup;
			children = (
				37F70B9229CBCACD0066BDD7 /* DomainError.swift */,
			);
			path = Errors;
			sourceTree = "<group>";
		};
		37F70B9629CBDA330066BDD7 /* Helpers */ = {
			isa = PBXGroup;
			children = (
				37F70B9729CBDA590066BDD7 /* ExtensionHelpers.swift */,
			);
			path = Helpers;
			sourceTree = "<group>";
		};
		37F70B9929CBE9D30066BDD7 /* Helpers */ = {
			isa = PBXGroup;
			children = (
				37F70B9A29CBEA510066BDD7 /* TestExtensions.swift */,
				37F70B9C29CBEAD70066BDD7 /* TestFactories.swift */,
				37F70BA129CBF09C0066BDD7 /* AccountModelFactory.swift */,
			);
			path = Helpers;
			sourceTree = "<group>";
		};
		37F70B9E29CBEFC70066BDD7 /* Http */ = {
			isa = PBXGroup;
			children = (
				37F70B9F29CBEFFE0066BDD7 /* HttpClientSpy.swift */,
			);
			path = Http;
			sourceTree = "<group>";
		};
/* End PBXGroup section */

/* Begin PBXHeadersBuildPhase section */
		37EE850929CCA4D60003DD4A /* Headers */ = {
			isa = PBXHeadersBuildPhase;
			buildActionMask = 2147483647;
			files = (
			);
			runOnlyForDeploymentPostprocessing = 0;
		};
		37F70B5429CBA9690066BDD7 /* Headers */ = {
			isa = PBXHeadersBuildPhase;
			buildActionMask = 2147483647;
			files = (
			);
			runOnlyForDeploymentPostprocessing = 0;
		};
		37F70B6429CBAC9A0066BDD7 /* Headers */ = {
			isa = PBXHeadersBuildPhase;
			buildActionMask = 2147483647;
			files = (
			);
			runOnlyForDeploymentPostprocessing = 0;
		};
/* End PBXHeadersBuildPhase section */

/* Begin PBXNativeTarget section */
		37EE850D29CCA4D60003DD4A /* Infra */ = {
			isa = PBXNativeTarget;
			buildConfigurationList = 37EE852129CCA4D70003DD4A /* Build configuration list for PBXNativeTarget "Infra" */;
			buildPhases = (
				37EE850929CCA4D60003DD4A /* Headers */,
				37EE850A29CCA4D60003DD4A /* Sources */,
				37EE850B29CCA4D60003DD4A /* Frameworks */,
				37EE850C29CCA4D60003DD4A /* Resources */,
				37EE852729CCA69A0003DD4A /* Embed Frameworks */,
			);
			buildRules = (
			);
			dependencies = (
				37EE852629CCA69A0003DD4A /* PBXTargetDependency */,
			);
			name = Infra;
			packageProductDependencies = (
				37EE852B29CCA9DA0003DD4A /* Alamofire */,
			);
			productName = Infra;
			productReference = 37EE850E29CCA4D60003DD4A /* Infra.framework */;
			productType = "com.apple.product-type.framework";
		};
		37EE851429CCA4D70003DD4A /* InfraTests */ = {
			isa = PBXNativeTarget;
			buildConfigurationList = 37EE852229CCA4D70003DD4A /* Build configuration list for PBXNativeTarget "InfraTests" */;
			buildPhases = (
				37EE851129CCA4D70003DD4A /* Sources */,
				37EE851229CCA4D70003DD4A /* Frameworks */,
				37EE851329CCA4D70003DD4A /* Resources */,
			);
			buildRules = (
			);
			dependencies = (
				37EE851829CCA4D70003DD4A /* PBXTargetDependency */,
			);
			name = InfraTests;
			productName = InfraTests;
			productReference = 37EE851529CCA4D70003DD4A /* InfraTests.xctest */;
			productType = "com.apple.product-type.bundle.unit-test";
		};
		37F70B5829CBA9690066BDD7 /* Domain */ = {
			isa = PBXNativeTarget;
			buildConfigurationList = 37F70B5D29CBA9690066BDD7 /* Build configuration list for PBXNativeTarget "Domain" */;
			buildPhases = (
				37F70B5429CBA9690066BDD7 /* Headers */,
				37F70B5529CBA9690066BDD7 /* Sources */,
				37F70B5629CBA9690066BDD7 /* Frameworks */,
				37F70B5729CBA9690066BDD7 /* Resources */,
			);
			buildRules = (
			);
			dependencies = (
			);
			name = Domain;
			productName = Domain;
			productReference = 37F70B5929CBA9690066BDD7 /* Domain.framework */;
			productType = "com.apple.product-type.framework";
		};
		37F70B6829CBAC9A0066BDD7 /* Data */ = {
			isa = PBXNativeTarget;
			buildConfigurationList = 37F70B7A29CBAC9A0066BDD7 /* Build configuration list for PBXNativeTarget "Data" */;
			buildPhases = (
				37F70B6429CBAC9A0066BDD7 /* Headers */,
				37F70B6529CBAC9A0066BDD7 /* Sources */,
				37F70B6629CBAC9A0066BDD7 /* Frameworks */,
				37F70B6729CBAC9A0066BDD7 /* Resources */,
				37F70B8529CBAD1A0066BDD7 /* Embed Frameworks */,
			);
			buildRules = (
			);
			dependencies = (
				37F70B8429CBAD1A0066BDD7 /* PBXTargetDependency */,
			);
			name = Data;
			productName = Data;
			productReference = 37F70B6929CBAC9A0066BDD7 /* Data.framework */;
			productType = "com.apple.product-type.framework";
		};
		37F70B7129CBAC9A0066BDD7 /* DataTests */ = {
			isa = PBXNativeTarget;
			buildConfigurationList = 37F70B7D29CBAC9A0066BDD7 /* Build configuration list for PBXNativeTarget "DataTests" */;
			buildPhases = (
				37F70B6E29CBAC9A0066BDD7 /* Sources */,
				37F70B6F29CBAC9A0066BDD7 /* Frameworks */,
				37F70B7029CBAC9A0066BDD7 /* Resources */,
			);
			buildRules = (
			);
			dependencies = (
				37F70B7529CBAC9A0066BDD7 /* PBXTargetDependency */,
			);
			name = DataTests;
			productName = DataTests;
			productReference = 37F70B7229CBAC9A0066BDD7 /* DataTests.xctest */;
			productType = "com.apple.product-type.bundle.unit-test";
		};
/* End PBXNativeTarget section */

/* Begin PBXProject section */
		37F70B4129CBA84D0066BDD7 /* Project object */ = {
			isa = PBXProject;
			attributes = {
				BuildIndependentTargetsInParallel = 1;
				LastSwiftUpdateCheck = 1420;
				LastUpgradeCheck = 1420;
				TargetAttributes = {
					37EE850D29CCA4D60003DD4A = {
						CreatedOnToolsVersion = 14.2;
						LastSwiftMigration = 1420;
					};
					37EE851429CCA4D70003DD4A = {
						CreatedOnToolsVersion = 14.2;
					};
					37F70B5829CBA9690066BDD7 = {
						CreatedOnToolsVersion = 14.2;
						LastSwiftMigration = 1420;
					};
					37F70B6829CBAC9A0066BDD7 = {
						CreatedOnToolsVersion = 14.2;
					};
					37F70B7129CBAC9A0066BDD7 = {
						CreatedOnToolsVersion = 14.2;
					};
				};
			};
			buildConfigurationList = 37F70B4429CBA84D0066BDD7 /* Build configuration list for PBXProject "CleanApp" */;
			compatibilityVersion = "Xcode 14.0";
			developmentRegion = en;
			hasScannedForEncodings = 0;
			knownRegions = (
				en,
				Base,
			);
			mainGroup = 37F70B4029CBA84D0066BDD7;
			packageReferences = (
				37EE852A29CCA9DA0003DD4A /* XCRemoteSwiftPackageReference "Alamofire" */,
			);
			productRefGroup = 37F70B4B29CBA84D0066BDD7 /* Products */;
			projectDirPath = "";
			projectRoot = "";
			targets = (
				37F70B5829CBA9690066BDD7 /* Domain */,
				37F70B6829CBAC9A0066BDD7 /* Data */,
				37F70B7129CBAC9A0066BDD7 /* DataTests */,
				37EE850D29CCA4D60003DD4A /* Infra */,
				37EE851429CCA4D70003DD4A /* InfraTests */,
			);
		};
/* End PBXProject section */

/* Begin PBXResourcesBuildPhase section */
		37EE850C29CCA4D60003DD4A /* Resources */ = {
			isa = PBXResourcesBuildPhase;
			buildActionMask = 2147483647;
			files = (
			);
			runOnlyForDeploymentPostprocessing = 0;
		};
		37EE851329CCA4D70003DD4A /* Resources */ = {
			isa = PBXResourcesBuildPhase;
			buildActionMask = 2147483647;
			files = (
			);
			runOnlyForDeploymentPostprocessing = 0;
		};
		37F70B5729CBA9690066BDD7 /* Resources */ = {
			isa = PBXResourcesBuildPhase;
			buildActionMask = 2147483647;
			files = (
			);
			runOnlyForDeploymentPostprocessing = 0;
		};
		37F70B6729CBAC9A0066BDD7 /* Resources */ = {
			isa = PBXResourcesBuildPhase;
			buildActionMask = 2147483647;
			files = (
			);
			runOnlyForDeploymentPostprocessing = 0;
		};
		37F70B7029CBAC9A0066BDD7 /* Resources */ = {
			isa = PBXResourcesBuildPhase;
			buildActionMask = 2147483647;
			files = (
			);
			runOnlyForDeploymentPostprocessing = 0;
		};
/* End PBXResourcesBuildPhase section */

/* Begin PBXSourcesBuildPhase section */
		37EE850A29CCA4D60003DD4A /* Sources */ = {
			isa = PBXSourcesBuildPhase;
			buildActionMask = 2147483647;
			files = (
				3780822E29CD2A6A00D88ED7 /* AlamofireAdapter.swift in Sources */,
			);
			runOnlyForDeploymentPostprocessing = 0;
		};
		37EE851129CCA4D70003DD4A /* Sources */ = {
			isa = PBXSourcesBuildPhase;
			buildActionMask = 2147483647;
			files = (
				37EE852929CCA6EC0003DD4A /* TestFactories.swift in Sources */,
				37EE851B29CCA4D70003DD4A /* AlamofireAdapterTests.swift in Sources */,
				37EE852829CCA6D80003DD4A /* TestExtensions.swift in Sources */,
				3780823229CD2BC000D88ED7 /* UrlProtocolStub.swift in Sources */,
			);
			runOnlyForDeploymentPostprocessing = 0;
		};
		37F70B5529CBA9690066BDD7 /* Sources */ = {
			isa = PBXSourcesBuildPhase;
			buildActionMask = 2147483647;
			files = (
				37F70B8729CBC53D0066BDD7 /* Model.swift in Sources */,
				37F70B6129CBAA290066BDD7 /* AddAccount.swift in Sources */,
				37F70B9329CBCACD0066BDD7 /* DomainError.swift in Sources */,
				37F70B6329CBABFE0066BDD7 /* AccountModel.swift in Sources */,
			);
			runOnlyForDeploymentPostprocessing = 0;
		};
		37F70B6529CBAC9A0066BDD7 /* Sources */ = {
			isa = PBXSourcesBuildPhase;
			buildActionMask = 2147483647;
			files = (
				37F70B9529CBCDC10066BDD7 /* HttpError.swift in Sources */,
				37F70B6D29CBAC9A0066BDD7 /* Data.docc in Sources */,
				37F70B8B29CBC6870066BDD7 /* HttpPostClient.swift in Sources */,
				37F70B9829CBDA590066BDD7 /* ExtensionHelpers.swift in Sources */,
				37F70B8929CBC6190066BDD7 /* RemoteAddAccount.swift in Sources */,
			);
			runOnlyForDeploymentPostprocessing = 0;
		};
		37F70B6E29CBAC9A0066BDD7 /* Sources */ = {
			isa = PBXSourcesBuildPhase;
			buildActionMask = 2147483647;
			files = (
				37F70B9D29CBEAD70066BDD7 /* TestFactories.swift in Sources */,
				37F70BA029CBEFFE0066BDD7 /* HttpClientSpy.swift in Sources */,
				37F70B7829CBAC9A0066BDD7 /* RemoteAddAccountTests.swift in Sources */,
				37F70BA229CBF09C0066BDD7 /* AccountModelFactory.swift in Sources */,
				37F70B9B29CBEA510066BDD7 /* TestExtensions.swift in Sources */,
			);
			runOnlyForDeploymentPostprocessing = 0;
		};
/* End PBXSourcesBuildPhase section */

/* Begin PBXTargetDependency section */
		37EE851829CCA4D70003DD4A /* PBXTargetDependency */ = {
			isa = PBXTargetDependency;
			target = 37EE850D29CCA4D60003DD4A /* Infra */;
			targetProxy = 37EE851729CCA4D70003DD4A /* PBXContainerItemProxy */;
		};
		37EE852629CCA69A0003DD4A /* PBXTargetDependency */ = {
			isa = PBXTargetDependency;
			target = 37F70B6829CBAC9A0066BDD7 /* Data */;
			targetProxy = 37EE852529CCA69A0003DD4A /* PBXContainerItemProxy */;
		};
		37F70B7529CBAC9A0066BDD7 /* PBXTargetDependency */ = {
			isa = PBXTargetDependency;
			target = 37F70B6829CBAC9A0066BDD7 /* Data */;
			targetProxy = 37F70B7429CBAC9A0066BDD7 /* PBXContainerItemProxy */;
		};
		37F70B8429CBAD1A0066BDD7 /* PBXTargetDependency */ = {
			isa = PBXTargetDependency;
			target = 37F70B5829CBA9690066BDD7 /* Domain */;
			targetProxy = 37F70B8329CBAD1A0066BDD7 /* PBXContainerItemProxy */;
		};
/* End PBXTargetDependency section */

/* Begin XCBuildConfiguration section */
		37EE851D29CCA4D70003DD4A /* Debug */ = {
			isa = XCBuildConfiguration;
			buildSettings = {
				CLANG_ENABLE_MODULES = YES;
				CODE_SIGN_STYLE = Automatic;
				COMBINE_HIDPI_IMAGES = YES;
				CURRENT_PROJECT_VERSION = 1;
				DEFINES_MODULE = YES;
				DYLIB_COMPATIBILITY_VERSION = 1;
				DYLIB_CURRENT_VERSION = 1;
				DYLIB_INSTALL_NAME_BASE = "@rpath";
				GENERATE_INFOPLIST_FILE = YES;
				INFOPLIST_KEY_NSHumanReadableCopyright = "";
				INSTALL_PATH = "$(LOCAL_LIBRARY_DIR)/Frameworks";
				LD_RUNPATH_SEARCH_PATHS = (
					"$(inherited)",
					"@executable_path/../Frameworks",
					"@loader_path/Frameworks",
				);
				MACOSX_DEPLOYMENT_TARGET = 13.1;
				MARKETING_VERSION = 1.0;
				PRODUCT_BUNDLE_IDENTIFIER = br.com.aluiziodeveloper.Infra;
				PRODUCT_NAME = "$(TARGET_NAME:c99extidentifier)";
				SDKROOT = macosx;
				SKIP_INSTALL = YES;
				SWIFT_EMIT_LOC_STRINGS = YES;
				SWIFT_OPTIMIZATION_LEVEL = "-Onone";
				SWIFT_VERSION = 5.0;
			};
			name = Debug;
		};
		37EE851E29CCA4D70003DD4A /* Release */ = {
			isa = XCBuildConfiguration;
			buildSettings = {
				CLANG_ENABLE_MODULES = YES;
				CODE_SIGN_STYLE = Automatic;
				COMBINE_HIDPI_IMAGES = YES;
				CURRENT_PROJECT_VERSION = 1;
				DEFINES_MODULE = YES;
				DYLIB_COMPATIBILITY_VERSION = 1;
				DYLIB_CURRENT_VERSION = 1;
				DYLIB_INSTALL_NAME_BASE = "@rpath";
				GENERATE_INFOPLIST_FILE = YES;
				INFOPLIST_KEY_NSHumanReadableCopyright = "";
				INSTALL_PATH = "$(LOCAL_LIBRARY_DIR)/Frameworks";
				LD_RUNPATH_SEARCH_PATHS = (
					"$(inherited)",
					"@executable_path/../Frameworks",
					"@loader_path/Frameworks",
				);
				MACOSX_DEPLOYMENT_TARGET = 13.1;
				MARKETING_VERSION = 1.0;
				PRODUCT_BUNDLE_IDENTIFIER = br.com.aluiziodeveloper.Infra;
				PRODUCT_NAME = "$(TARGET_NAME:c99extidentifier)";
				SDKROOT = macosx;
				SKIP_INSTALL = YES;
				SWIFT_EMIT_LOC_STRINGS = YES;
				SWIFT_VERSION = 5.0;
			};
			name = Release;
		};
		37EE851F29CCA4D70003DD4A /* Debug */ = {
			isa = XCBuildConfiguration;
			buildSettings = {
				ALWAYS_EMBED_SWIFT_STANDARD_LIBRARIES = YES;
				CODE_SIGN_STYLE = Automatic;
				CURRENT_PROJECT_VERSION = 1;
				GENERATE_INFOPLIST_FILE = YES;
				MACOSX_DEPLOYMENT_TARGET = 13.1;
				MARKETING_VERSION = 1.0;
				PRODUCT_BUNDLE_IDENTIFIER = br.com.aluiziodeveloper.InfraTests;
				PRODUCT_NAME = "$(TARGET_NAME)";
				SDKROOT = macosx;
				SWIFT_EMIT_LOC_STRINGS = NO;
				SWIFT_VERSION = 5.0;
			};
			name = Debug;
		};
		37EE852029CCA4D70003DD4A /* Release */ = {
			isa = XCBuildConfiguration;
			buildSettings = {
				ALWAYS_EMBED_SWIFT_STANDARD_LIBRARIES = YES;
				CODE_SIGN_STYLE = Automatic;
				CURRENT_PROJECT_VERSION = 1;
				GENERATE_INFOPLIST_FILE = YES;
				MACOSX_DEPLOYMENT_TARGET = 13.1;
				MARKETING_VERSION = 1.0;
				PRODUCT_BUNDLE_IDENTIFIER = br.com.aluiziodeveloper.InfraTests;
				PRODUCT_NAME = "$(TARGET_NAME)";
				SDKROOT = macosx;
				SWIFT_EMIT_LOC_STRINGS = NO;
				SWIFT_VERSION = 5.0;
			};
			name = Release;
		};
		37F70B4F29CBA84D0066BDD7 /* Debug */ = {
			isa = XCBuildConfiguration;
			buildSettings = {
				ALWAYS_SEARCH_USER_PATHS = NO;
				CLANG_ANALYZER_NONNULL = YES;
				CLANG_ANALYZER_NUMBER_OBJECT_CONVERSION = YES_AGGRESSIVE;
				CLANG_CXX_LANGUAGE_STANDARD = "gnu++20";
				CLANG_ENABLE_MODULES = YES;
				CLANG_ENABLE_OBJC_ARC = YES;
				CLANG_ENABLE_OBJC_WEAK = YES;
				CLANG_WARN_BLOCK_CAPTURE_AUTORELEASING = YES;
				CLANG_WARN_BOOL_CONVERSION = YES;
				CLANG_WARN_COMMA = YES;
				CLANG_WARN_CONSTANT_CONVERSION = YES;
				CLANG_WARN_DEPRECATED_OBJC_IMPLEMENTATIONS = YES;
				CLANG_WARN_DIRECT_OBJC_ISA_USAGE = YES_ERROR;
				CLANG_WARN_DOCUMENTATION_COMMENTS = YES;
				CLANG_WARN_EMPTY_BODY = YES;
				CLANG_WARN_ENUM_CONVERSION = YES;
				CLANG_WARN_INFINITE_RECURSION = YES;
				CLANG_WARN_INT_CONVERSION = YES;
				CLANG_WARN_NON_LITERAL_NULL_CONVERSION = YES;
				CLANG_WARN_OBJC_IMPLICIT_RETAIN_SELF = YES;
				CLANG_WARN_OBJC_LITERAL_CONVERSION = YES;
				CLANG_WARN_OBJC_ROOT_CLASS = YES_ERROR;
				CLANG_WARN_QUOTED_INCLUDE_IN_FRAMEWORK_HEADER = YES;
				CLANG_WARN_RANGE_LOOP_ANALYSIS = YES;
				CLANG_WARN_STRICT_PROTOTYPES = YES;
				CLANG_WARN_SUSPICIOUS_MOVE = YES;
				CLANG_WARN_UNGUARDED_AVAILABILITY = YES_AGGRESSIVE;
				CLANG_WARN_UNREACHABLE_CODE = YES;
				CLANG_WARN__DUPLICATE_METHOD_MATCH = YES;
				COPY_PHASE_STRIP = NO;
				CURRENT_PROJECT_VERSION = 1;
				DEBUG_INFORMATION_FORMAT = dwarf;
				ENABLE_STRICT_OBJC_MSGSEND = YES;
				ENABLE_TESTABILITY = YES;
				GCC_C_LANGUAGE_STANDARD = gnu11;
				GCC_DYNAMIC_NO_PIC = NO;
				GCC_NO_COMMON_BLOCKS = YES;
				GCC_OPTIMIZATION_LEVEL = 0;
				GCC_PREPROCESSOR_DEFINITIONS = (
					"DEBUG=1",
					"$(inherited)",
				);
				GCC_WARN_64_TO_32_BIT_CONVERSION = YES;
				GCC_WARN_ABOUT_RETURN_TYPE = YES_ERROR;
				GCC_WARN_UNDECLARED_SELECTOR = YES;
				GCC_WARN_UNINITIALIZED_AUTOS = YES_AGGRESSIVE;
				GCC_WARN_UNUSED_FUNCTION = YES;
				GCC_WARN_UNUSED_VARIABLE = YES;
				IPHONEOS_DEPLOYMENT_TARGET = 16.2;
				MTL_ENABLE_DEBUG_INFO = INCLUDE_SOURCE;
				MTL_FAST_MATH = YES;
				ONLY_ACTIVE_ARCH = YES;
				SDKROOT = iphoneos;
				SWIFT_ACTIVE_COMPILATION_CONDITIONS = DEBUG;
				SWIFT_OPTIMIZATION_LEVEL = "-Onone";
				VERSIONING_SYSTEM = "apple-generic";
				VERSION_INFO_PREFIX = "";
			};
			name = Debug;
		};
		37F70B5029CBA84D0066BDD7 /* Release */ = {
			isa = XCBuildConfiguration;
			buildSettings = {
				ALWAYS_SEARCH_USER_PATHS = NO;
				CLANG_ANALYZER_NONNULL = YES;
				CLANG_ANALYZER_NUMBER_OBJECT_CONVERSION = YES_AGGRESSIVE;
				CLANG_CXX_LANGUAGE_STANDARD = "gnu++20";
				CLANG_ENABLE_MODULES = YES;
				CLANG_ENABLE_OBJC_ARC = YES;
				CLANG_ENABLE_OBJC_WEAK = YES;
				CLANG_WARN_BLOCK_CAPTURE_AUTORELEASING = YES;
				CLANG_WARN_BOOL_CONVERSION = YES;
				CLANG_WARN_COMMA = YES;
				CLANG_WARN_CONSTANT_CONVERSION = YES;
				CLANG_WARN_DEPRECATED_OBJC_IMPLEMENTATIONS = YES;
				CLANG_WARN_DIRECT_OBJC_ISA_USAGE = YES_ERROR;
				CLANG_WARN_DOCUMENTATION_COMMENTS = YES;
				CLANG_WARN_EMPTY_BODY = YES;
				CLANG_WARN_ENUM_CONVERSION = YES;
				CLANG_WARN_INFINITE_RECURSION = YES;
				CLANG_WARN_INT_CONVERSION = YES;
				CLANG_WARN_NON_LITERAL_NULL_CONVERSION = YES;
				CLANG_WARN_OBJC_IMPLICIT_RETAIN_SELF = YES;
				CLANG_WARN_OBJC_LITERAL_CONVERSION = YES;
				CLANG_WARN_OBJC_ROOT_CLASS = YES_ERROR;
				CLANG_WARN_QUOTED_INCLUDE_IN_FRAMEWORK_HEADER = YES;
				CLANG_WARN_RANGE_LOOP_ANALYSIS = YES;
				CLANG_WARN_STRICT_PROTOTYPES = YES;
				CLANG_WARN_SUSPICIOUS_MOVE = YES;
				CLANG_WARN_UNGUARDED_AVAILABILITY = YES_AGGRESSIVE;
				CLANG_WARN_UNREACHABLE_CODE = YES;
				CLANG_WARN__DUPLICATE_METHOD_MATCH = YES;
				COPY_PHASE_STRIP = NO;
				CURRENT_PROJECT_VERSION = 1;
				DEBUG_INFORMATION_FORMAT = "dwarf-with-dsym";
				ENABLE_NS_ASSERTIONS = NO;
				ENABLE_STRICT_OBJC_MSGSEND = YES;
				GCC_C_LANGUAGE_STANDARD = gnu11;
				GCC_NO_COMMON_BLOCKS = YES;
				GCC_WARN_64_TO_32_BIT_CONVERSION = YES;
				GCC_WARN_ABOUT_RETURN_TYPE = YES_ERROR;
				GCC_WARN_UNDECLARED_SELECTOR = YES;
				GCC_WARN_UNINITIALIZED_AUTOS = YES_AGGRESSIVE;
				GCC_WARN_UNUSED_FUNCTION = YES;
				GCC_WARN_UNUSED_VARIABLE = YES;
				IPHONEOS_DEPLOYMENT_TARGET = 16.2;
				MTL_ENABLE_DEBUG_INFO = NO;
				MTL_FAST_MATH = YES;
				SDKROOT = iphoneos;
				SWIFT_COMPILATION_MODE = wholemodule;
				SWIFT_OPTIMIZATION_LEVEL = "-O";
				VALIDATE_PRODUCT = YES;
				VERSIONING_SYSTEM = "apple-generic";
				VERSION_INFO_PREFIX = "";
			};
			name = Release;
		};
		37F70B5E29CBA9690066BDD7 /* Debug */ = {
			isa = XCBuildConfiguration;
			buildSettings = {
				CLANG_ENABLE_MODULES = YES;
				CODE_SIGN_STYLE = Automatic;
				COMBINE_HIDPI_IMAGES = YES;
				CURRENT_PROJECT_VERSION = 1;
				DEFINES_MODULE = YES;
				DYLIB_COMPATIBILITY_VERSION = 1;
				DYLIB_CURRENT_VERSION = 1;
				DYLIB_INSTALL_NAME_BASE = "@rpath";
				GENERATE_INFOPLIST_FILE = YES;
				INFOPLIST_KEY_NSHumanReadableCopyright = "";
				INSTALL_PATH = "$(LOCAL_LIBRARY_DIR)/Frameworks";
				LD_RUNPATH_SEARCH_PATHS = (
					"$(inherited)",
					"@executable_path/../Frameworks",
					"@loader_path/Frameworks",
				);
				MACOSX_DEPLOYMENT_TARGET = 13.1;
				MARKETING_VERSION = 1.0;
				PRODUCT_BUNDLE_IDENTIFIER = br.com.aluiziodeveloper.Domain;
				PRODUCT_NAME = "$(TARGET_NAME:c99extidentifier)";
				SDKROOT = macosx;
				SKIP_INSTALL = YES;
				SWIFT_EMIT_LOC_STRINGS = YES;
				SWIFT_OPTIMIZATION_LEVEL = "-Onone";
				SWIFT_VERSION = 5.0;
			};
			name = Debug;
		};
		37F70B5F29CBA9690066BDD7 /* Release */ = {
			isa = XCBuildConfiguration;
			buildSettings = {
				CLANG_ENABLE_MODULES = YES;
				CODE_SIGN_STYLE = Automatic;
				COMBINE_HIDPI_IMAGES = YES;
				CURRENT_PROJECT_VERSION = 1;
				DEFINES_MODULE = YES;
				DYLIB_COMPATIBILITY_VERSION = 1;
				DYLIB_CURRENT_VERSION = 1;
				DYLIB_INSTALL_NAME_BASE = "@rpath";
				GENERATE_INFOPLIST_FILE = YES;
				INFOPLIST_KEY_NSHumanReadableCopyright = "";
				INSTALL_PATH = "$(LOCAL_LIBRARY_DIR)/Frameworks";
				LD_RUNPATH_SEARCH_PATHS = (
					"$(inherited)",
					"@executable_path/../Frameworks",
					"@loader_path/Frameworks",
				);
				MACOSX_DEPLOYMENT_TARGET = 13.1;
				MARKETING_VERSION = 1.0;
				PRODUCT_BUNDLE_IDENTIFIER = br.com.aluiziodeveloper.Domain;
				PRODUCT_NAME = "$(TARGET_NAME:c99extidentifier)";
				SDKROOT = macosx;
				SKIP_INSTALL = YES;
				SWIFT_EMIT_LOC_STRINGS = YES;
				SWIFT_VERSION = 5.0;
			};
			name = Release;
		};
		37F70B7B29CBAC9A0066BDD7 /* Debug */ = {
			isa = XCBuildConfiguration;
			buildSettings = {
				CODE_SIGN_STYLE = Automatic;
				COMBINE_HIDPI_IMAGES = YES;
				CURRENT_PROJECT_VERSION = 1;
				DEFINES_MODULE = YES;
				DYLIB_COMPATIBILITY_VERSION = 1;
				DYLIB_CURRENT_VERSION = 1;
				DYLIB_INSTALL_NAME_BASE = "@rpath";
				GENERATE_INFOPLIST_FILE = YES;
				INFOPLIST_KEY_NSHumanReadableCopyright = "";
				INSTALL_PATH = "$(LOCAL_LIBRARY_DIR)/Frameworks";
				LD_RUNPATH_SEARCH_PATHS = (
					"$(inherited)",
					"@executable_path/../Frameworks",
					"@loader_path/Frameworks",
				);
				MACOSX_DEPLOYMENT_TARGET = 13.1;
				MARKETING_VERSION = 1.0;
				PRODUCT_BUNDLE_IDENTIFIER = br.com.aluiziodeveloper.Data;
				PRODUCT_NAME = "$(TARGET_NAME:c99extidentifier)";
				SDKROOT = macosx;
				SKIP_INSTALL = YES;
				SWIFT_EMIT_LOC_STRINGS = YES;
				SWIFT_VERSION = 5.0;
			};
			name = Debug;
		};
		37F70B7C29CBAC9A0066BDD7 /* Release */ = {
			isa = XCBuildConfiguration;
			buildSettings = {
				CODE_SIGN_STYLE = Automatic;
				COMBINE_HIDPI_IMAGES = YES;
				CURRENT_PROJECT_VERSION = 1;
				DEFINES_MODULE = YES;
				DYLIB_COMPATIBILITY_VERSION = 1;
				DYLIB_CURRENT_VERSION = 1;
				DYLIB_INSTALL_NAME_BASE = "@rpath";
				GENERATE_INFOPLIST_FILE = YES;
				INFOPLIST_KEY_NSHumanReadableCopyright = "";
				INSTALL_PATH = "$(LOCAL_LIBRARY_DIR)/Frameworks";
				LD_RUNPATH_SEARCH_PATHS = (
					"$(inherited)",
					"@executable_path/../Frameworks",
					"@loader_path/Frameworks",
				);
				MACOSX_DEPLOYMENT_TARGET = 13.1;
				MARKETING_VERSION = 1.0;
				PRODUCT_BUNDLE_IDENTIFIER = br.com.aluiziodeveloper.Data;
				PRODUCT_NAME = "$(TARGET_NAME:c99extidentifier)";
				SDKROOT = macosx;
				SKIP_INSTALL = YES;
				SWIFT_EMIT_LOC_STRINGS = YES;
				SWIFT_VERSION = 5.0;
			};
			name = Release;
		};
		37F70B7E29CBAC9A0066BDD7 /* Debug */ = {
			isa = XCBuildConfiguration;
			buildSettings = {
				ALWAYS_EMBED_SWIFT_STANDARD_LIBRARIES = YES;
				CODE_SIGN_STYLE = Automatic;
				CURRENT_PROJECT_VERSION = 1;
				GENERATE_INFOPLIST_FILE = YES;
				MACOSX_DEPLOYMENT_TARGET = 13.1;
				MARKETING_VERSION = 1.0;
				PRODUCT_BUNDLE_IDENTIFIER = br.com.aluiziodeveloper.DataTests;
				PRODUCT_NAME = "$(TARGET_NAME)";
				SDKROOT = macosx;
				SWIFT_EMIT_LOC_STRINGS = NO;
				SWIFT_VERSION = 5.0;
			};
			name = Debug;
		};
		37F70B7F29CBAC9A0066BDD7 /* Release */ = {
			isa = XCBuildConfiguration;
			buildSettings = {
				ALWAYS_EMBED_SWIFT_STANDARD_LIBRARIES = YES;
				CODE_SIGN_STYLE = Automatic;
				CURRENT_PROJECT_VERSION = 1;
				GENERATE_INFOPLIST_FILE = YES;
				MACOSX_DEPLOYMENT_TARGET = 13.1;
				MARKETING_VERSION = 1.0;
				PRODUCT_BUNDLE_IDENTIFIER = br.com.aluiziodeveloper.DataTests;
				PRODUCT_NAME = "$(TARGET_NAME)";
				SDKROOT = macosx;
				SWIFT_EMIT_LOC_STRINGS = NO;
				SWIFT_VERSION = 5.0;
			};
			name = Release;
		};
/* End XCBuildConfiguration section */

/* Begin XCConfigurationList section */
		37EE852129CCA4D70003DD4A /* Build configuration list for PBXNativeTarget "Infra" */ = {
			isa = XCConfigurationList;
			buildConfigurations = (
				37EE851D29CCA4D70003DD4A /* Debug */,
				37EE851E29CCA4D70003DD4A /* Release */,
			);
			defaultConfigurationIsVisible = 0;
			defaultConfigurationName = Release;
		};
		37EE852229CCA4D70003DD4A /* Build configuration list for PBXNativeTarget "InfraTests" */ = {
			isa = XCConfigurationList;
			buildConfigurations = (
				37EE851F29CCA4D70003DD4A /* Debug */,
				37EE852029CCA4D70003DD4A /* Release */,
			);
			defaultConfigurationIsVisible = 0;
			defaultConfigurationName = Release;
		};
		37F70B4429CBA84D0066BDD7 /* Build configuration list for PBXProject "CleanApp" */ = {
			isa = XCConfigurationList;
			buildConfigurations = (
				37F70B4F29CBA84D0066BDD7 /* Debug */,
				37F70B5029CBA84D0066BDD7 /* Release */,
			);
			defaultConfigurationIsVisible = 0;
			defaultConfigurationName = Release;
		};
		37F70B5D29CBA9690066BDD7 /* Build configuration list for PBXNativeTarget "Domain" */ = {
			isa = XCConfigurationList;
			buildConfigurations = (
				37F70B5E29CBA9690066BDD7 /* Debug */,
				37F70B5F29CBA9690066BDD7 /* Release */,
			);
			defaultConfigurationIsVisible = 0;
			defaultConfigurationName = Release;
		};
		37F70B7A29CBAC9A0066BDD7 /* Build configuration list for PBXNativeTarget "Data" */ = {
			isa = XCConfigurationList;
			buildConfigurations = (
				37F70B7B29CBAC9A0066BDD7 /* Debug */,
				37F70B7C29CBAC9A0066BDD7 /* Release */,
			);
			defaultConfigurationIsVisible = 0;
			defaultConfigurationName = Release;
		};
		37F70B7D29CBAC9A0066BDD7 /* Build configuration list for PBXNativeTarget "DataTests" */ = {
			isa = XCConfigurationList;
			buildConfigurations = (
				37F70B7E29CBAC9A0066BDD7 /* Debug */,
				37F70B7F29CBAC9A0066BDD7 /* Release */,
			);
			defaultConfigurationIsVisible = 0;
			defaultConfigurationName = Release;
		};
/* End XCConfigurationList section */

/* Begin XCRemoteSwiftPackageReference section */
		37EE852A29CCA9DA0003DD4A /* XCRemoteSwiftPackageReference "Alamofire" */ = {
			isa = XCRemoteSwiftPackageReference;
			repositoryURL = "https://github.com/Alamofire/Alamofire.git";
			requirement = {
				kind = upToNextMajorVersion;
				minimumVersion = 5.0.0;
			};
		};
/* End XCRemoteSwiftPackageReference section */

/* Begin XCSwiftPackageProductDependency section */
		37EE852B29CCA9DA0003DD4A /* Alamofire */ = {
			isa = XCSwiftPackageProductDependency;
			package = 37EE852A29CCA9DA0003DD4A /* XCRemoteSwiftPackageReference "Alamofire" */;
			productName = Alamofire;
		};
/* End XCSwiftPackageProductDependency section */
	};
	rootObject = 37F70B4129CBA84D0066BDD7 /* Project object */;
}
